// !$*UTF8*$!
{
	archiveVersion = 1;
	classes = {
	};
	objectVersion = 56;
	objects = {

/* Begin PBXBuildFile section */
		484C8CAF2B26295C00EAC6D2 /* InstagramCompositeLayoutController.swift in Sources */ = {isa = PBXBuildFile; fileRef = 484C8CAE2B26295C00EAC6D2 /* InstagramCompositeLayoutController.swift */; };
		48FAC8222B24B679005719EB /* AppDelegate.swift in Sources */ = {isa = PBXBuildFile; fileRef = 48FAC8212B24B679005719EB /* AppDelegate.swift */; };
		48FAC8242B24B679005719EB /* SceneDelegate.swift in Sources */ = {isa = PBXBuildFile; fileRef = 48FAC8232B24B679005719EB /* SceneDelegate.swift */; };
		48FAC8262B24B679005719EB /* CompositeLayoutViewController.swift in Sources */ = {isa = PBXBuildFile; fileRef = 48FAC8252B24B679005719EB /* CompositeLayoutViewController.swift */; };
		48FAC8292B24B679005719EB /* Main.storyboard in Resources */ = {isa = PBXBuildFile; fileRef = 48FAC8272B24B679005719EB /* Main.storyboard */; };
		48FAC82B2B24B67A005719EB /* Assets.xcassets in Resources */ = {isa = PBXBuildFile; fileRef = 48FAC82A2B24B67A005719EB /* Assets.xcassets */; };
		48FAC82E2B24B67A005719EB /* LaunchScreen.storyboard in Resources */ = {isa = PBXBuildFile; fileRef = 48FAC82C2B24B67A005719EB /* LaunchScreen.storyboard */; };
		48FAC8362B24B807005719EB /* NatureImageCell.swift in Sources */ = {isa = PBXBuildFile; fileRef = 48FAC8352B24B807005719EB /* NatureImageCell.swift */; };
/* End PBXBuildFile section */

/* Begin PBXFileReference section */
		484C8CAE2B26295C00EAC6D2 /* InstagramCompositeLayoutController.swift */ = {isa = PBXFileReference; lastKnownFileType = sourcecode.swift; path = InstagramCompositeLayoutController.swift; sourceTree = "<group>"; };
		48FAC81E2B24B679005719EB /* CollectionCompositeLayout.app */ = {isa = PBXFileReference; explicitFileType = wrapper.application; includeInIndex = 0; path = CollectionCompositeLayout.app; sourceTree = BUILT_PRODUCTS_DIR; };
		48FAC8212B24B679005719EB /* AppDelegate.swift */ = {isa = PBXFileReference; lastKnownFileType = sourcecode.swift; path = AppDelegate.swift; sourceTree = "<group>"; };
		48FAC8232B24B679005719EB /* SceneDelegate.swift */ = {isa = PBXFileReference; lastKnownFileType = sourcecode.swift; path = SceneDelegate.swift; sourceTree = "<group>"; };
		48FAC8252B24B679005719EB /* CompositeLayoutViewController.swift */ = {isa = PBXFileReference; lastKnownFileType = sourcecode.swift; path = CompositeLayoutViewController.swift; sourceTree = "<group>"; };
		48FAC8282B24B679005719EB /* Base */ = {isa = PBXFileReference; lastKnownFileType = file.storyboard; name = Base; path = Base.lproj/Main.storyboard; sourceTree = "<group>"; };
		48FAC82A2B24B67A005719EB /* Assets.xcassets */ = {isa = PBXFileReference; lastKnownFileType = folder.assetcatalog; path = Assets.xcassets; sourceTree = "<group>"; };
		48FAC82D2B24B67A005719EB /* Base */ = {isa = PBXFileReference; lastKnownFileType = file.storyboard; name = Base; path = Base.lproj/LaunchScreen.storyboard; sourceTree = "<group>"; };
		48FAC82F2B24B67A005719EB /* Info.plist */ = {isa = PBXFileReference; lastKnownFileType = text.plist.xml; path = Info.plist; sourceTree = "<group>"; };
		48FAC8352B24B807005719EB /* NatureImageCell.swift */ = {isa = PBXFileReference; lastKnownFileType = sourcecode.swift; path = NatureImageCell.swift; sourceTree = "<group>"; };
/* End PBXFileReference section */

/* Begin PBXFrameworksBuildPhase section */
		48FAC81B2B24B679005719EB /* Frameworks */ = {
			isa = PBXFrameworksBuildPhase;
			buildActionMask = 2147483647;
			files = (
			);
			runOnlyForDeploymentPostprocessing = 0;
		};
/* End PBXFrameworksBuildPhase section */

/* Begin PBXGroup section */
		484C8CAD2B26291C00EAC6D2 /* InstagramCompositeLayout */ = {
			isa = PBXGroup;
			children = (
				484C8CAE2B26295C00EAC6D2 /* InstagramCompositeLayoutController.swift */,
			);
			path = InstagramCompositeLayout;
			sourceTree = "<group>";
		};
		48FAC8152B24B679005719EB = {
			isa = PBXGroup;
			children = (
				48FAC8202B24B679005719EB /* CollectionCompositeLayout */,
				48FAC81F2B24B679005719EB /* Products */,
			);
			sourceTree = "<group>";
		};
		48FAC81F2B24B679005719EB /* Products */ = {
			isa = PBXGroup;
			children = (
				48FAC81E2B24B679005719EB /* CollectionCompositeLayout.app */,
			);
			name = Products;
			sourceTree = "<group>";
		};
		48FAC8202B24B679005719EB /* CollectionCompositeLayout */ = {
			isa = PBXGroup;
			children = (
				484C8CAD2B26291C00EAC6D2 /* InstagramCompositeLayout */,
				48FAC8212B24B679005719EB /* AppDelegate.swift */,
				48FAC8232B24B679005719EB /* SceneDelegate.swift */,
				48FAC8252B24B679005719EB /* CompositeLayoutViewController.swift */,
				48FAC8272B24B679005719EB /* Main.storyboard */,
				48FAC82A2B24B67A005719EB /* Assets.xcassets */,
				48FAC8352B24B807005719EB /* NatureImageCell.swift */,
				48FAC82C2B24B67A005719EB /* LaunchScreen.storyboard */,
				48FAC82F2B24B67A005719EB /* Info.plist */,
			);
			path = CollectionCompositeLayout;
			sourceTree = "<group>";
		};
/* End PBXGroup section */

/* Begin PBXNativeTarget section */
		48FAC81D2B24B679005719EB /* CollectionCompositeLayout */ = {
			isa = PBXNativeTarget;
			buildConfigurationList = 48FAC8322B24B67A005719EB /* Build configuration list for PBXNativeTarget "CollectionCompositeLayout" */;
			buildPhases = (
				48FAC81A2B24B679005719EB /* Sources */,
				48FAC81B2B24B679005719EB /* Frameworks */,
				48FAC81C2B24B679005719EB /* Resources */,
			);
			buildRules = (
			);
			dependencies = (
			);
			name = CollectionCompositeLayout;
			productName = CollectionCompositeLayout;
			productReference = 48FAC81E2B24B679005719EB /* CollectionCompositeLayout.app */;
			productType = "com.apple.product-type.application";
		};
/* End PBXNativeTarget section */

/* Begin PBXProject section */
		48FAC8162B24B679005719EB /* Project object */ = {
			isa = PBXProject;
			attributes = {
				BuildIndependentTargetsInParallel = 1;
				LastSwiftUpdateCheck = 1420;
				LastUpgradeCheck = 1420;
				TargetAttributes = {
					48FAC81D2B24B679005719EB = {
						CreatedOnToolsVersion = 14.2;
					};
				};
			};
			buildConfigurationList = 48FAC8192B24B679005719EB /* Build configuration list for PBXProject "CollectionCompositeLayout" */;
			compatibilityVersion = "Xcode 14.0";
			developmentRegion = en;
			hasScannedForEncodings = 0;
			knownRegions = (
				en,
				Base,
			);
			mainGroup = 48FAC8152B24B679005719EB;
			productRefGroup = 48FAC81F2B24B679005719EB /* Products */;
			projectDirPath = "";
			projectRoot = "";
			targets = (
				48FAC81D2B24B679005719EB /* CollectionCompositeLayout */,
			);
		};
/* End PBXProject section */

/* Begin PBXResourcesBuildPhase section */
		48FAC81C2B24B679005719EB /* Resources */ = {
			isa = PBXResourcesBuildPhase;
			buildActionMask = 2147483647;
			files = (
				48FAC82E2B24B67A005719EB /* LaunchScreen.storyboard in Resources */,
				48FAC82B2B24B67A005719EB /* Assets.xcassets in Resources */,
				48FAC8292B24B679005719EB /* Main.storyboard in Resources */,
			);
			runOnlyForDeploymentPostprocessing = 0;
		};
/* End PBXResourcesBuildPhase section */

/* Begin PBXSourcesBuildPhase section */
		48FAC81A2B24B679005719EB /* Sources */ = {
			isa = PBXSourcesBuildPhase;
			buildActionMask = 2147483647;
			files = (
				48FAC8262B24B679005719EB /* CompositeLayoutViewController.swift in Sources */,
				48FAC8222B24B679005719EB /* AppDelegate.swift in Sources */,
				48FAC8362B24B807005719EB /* NatureImageCell.swift in Sources */,
				484C8CAF2B26295C00EAC6D2 /* InstagramCompositeLayoutController.swift in Sources */,
				48FAC8242B24B679005719EB /* SceneDelegate.swift in Sources */,
			);
			runOnlyForDeploymentPostprocessing = 0;
		};
/* End PBXSourcesBuildPhase section */

/* Begin PBXVariantGroup section */
		48FAC8272B24B679005719EB /* Main.storyboard */ = {
			isa = PBXVariantGroup;
			children = (
				48FAC8282B24B679005719EB /* Base */,
			);
			name = Main.storyboard;
			sourceTree = "<group>";
		};
		48FAC82C2B24B67A005719EB /* LaunchScreen.storyboard */ = {
			isa = PBXVariantGroup;
			children = (
				48FAC82D2B24B67A005719EB /* Base */,
			);
			name = LaunchScreen.storyboard;
			sourceTree = "<group>";
		};
/* End PBXVariantGroup section */

/* Begin XCBuildConfiguration section */
		48FAC8302B24B67A005719EB /* Debug */ = {
			isa = XCBuildConfiguration;
			buildSettings = {
				ALWAYS_SEARCH_USER_PATHS = NO;
				CLANG_ANALYZER_NONNULL = YES;
				CLANG_ANALYZER_NUMBER_OBJECT_CONVERSION = YES_AGGRESSIVE;
				CLANG_CXX_LANGUAGE_STANDARD = "gnu++20";
				CLANG_ENABLE_MODULES = YES;
				CLANG_ENABLE_OBJC_ARC = YES;
				CLANG_ENABLE_OBJC_WEAK = YES;
				CLANG_WARN_BLOCK_CAPTURE_AUTORELEASING = YES;
				CLANG_WARN_BOOL_CONVERSION = YES;
				CLANG_WARN_COMMA = YES;
				CLANG_WARN_CONSTANT_CONVERSION = YES;
				CLANG_WARN_DEPRECATED_OBJC_IMPLEMENTATIONS = YES;
				CLANG_WARN_DIRECT_OBJC_ISA_USAGE = YES_ERROR;
				CLANG_WARN_DOCUMENTATION_COMMENTS = YES;
				CLANG_WARN_EMPTY_BODY = YES;
				CLANG_WARN_ENUM_CONVERSION = YES;
				CLANG_WARN_INFINITE_RECURSION = YES;
				CLANG_WARN_INT_CONVERSION = YES;
				CLANG_WARN_NON_LITERAL_NULL_CONVERSION = YES;
				CLANG_WARN_OBJC_IMPLICIT_RETAIN_SELF = YES;
				CLANG_WARN_OBJC_LITERAL_CONVERSION = YES;
				CLANG_WARN_OBJC_ROOT_CLASS = YES_ERROR;
				CLANG_WARN_QUOTED_INCLUDE_IN_FRAMEWORK_HEADER = YES;
				CLANG_WARN_RANGE_LOOP_ANALYSIS = YES;
				CLANG_WARN_STRICT_PROTOTYPES = YES;
				CLANG_WARN_SUSPICIOUS_MOVE = YES;
				CLANG_WARN_UNGUARDED_AVAILABILITY = YES_AGGRESSIVE;
				CLANG_WARN_UNREACHABLE_CODE = YES;
				CLANG_WARN__DUPLICATE_METHOD_MATCH = YES;
				COPY_PHASE_STRIP = NO;
				DEBUG_INFORMATION_FORMAT = dwarf;
				ENABLE_STRICT_OBJC_MSGSEND = YES;
				ENABLE_TESTABILITY = YES;
				GCC_C_LANGUAGE_STANDARD = gnu11;
				GCC_DYNAMIC_NO_PIC = NO;
				GCC_NO_COMMON_BLOCKS = YES;
				GCC_OPTIMIZATION_LEVEL = 0;
				GCC_PREPROCESSOR_DEFINITIONS = (
					"DEBUG=1",
					"$(inherited)",
				);
				GCC_WARN_64_TO_32_BIT_CONVERSION = YES;
				GCC_WARN_ABOUT_RETURN_TYPE = YES_ERROR;
				GCC_WARN_UNDECLARED_SELECTOR = YES;
				GCC_WARN_UNINITIALIZED_AUTOS = YES_AGGRESSIVE;
				GCC_WARN_UNUSED_FUNCTION = YES;
				GCC_WARN_UNUSED_VARIABLE = YES;
				IPHONEOS_DEPLOYMENT_TARGET = 16.2;
				MTL_ENABLE_DEBUG_INFO = INCLUDE_SOURCE;
				MTL_FAST_MATH = YES;
				ONLY_ACTIVE_ARCH = YES;
				SDKROOT = iphoneos;
				SWIFT_ACTIVE_COMPILATION_CONDITIONS = DEBUG;
				SWIFT_OPTIMIZATION_LEVEL = "-Onone";
			};
			name = Debug;
		};
		48FAC8312B24B67A005719EB /* Release */ = {
			isa = XCBuildConfiguration;
			buildSettings = {
				ALWAYS_SEARCH_USER_PATHS = NO;
				CLANG_ANALYZER_NONNULL = YES;
				CLANG_ANALYZER_NUMBER_OBJECT_CONVERSION = YES_AGGRESSIVE;
				CLANG_CXX_LANGUAGE_STANDARD = "gnu++20";
				CLANG_ENABLE_MODULES = YES;
				CLANG_ENABLE_OBJC_ARC = YES;
				CLANG_ENABLE_OBJC_WEAK = YES;
				CLANG_WARN_BLOCK_CAPTURE_AUTORELEASING = YES;
				CLANG_WARN_BOOL_CONVERSION = YES;
				CLANG_WARN_COMMA = YES;
				CLANG_WARN_CONSTANT_CONVERSION = YES;
				CLANG_WARN_DEPRECATED_OBJC_IMPLEMENTATIONS = YES;
				CLANG_WARN_DIRECT_OBJC_ISA_USAGE = YES_ERROR;
				CLANG_WARN_DOCUMENTATION_COMMENTS = YES;
				CLANG_WARN_EMPTY_BODY = YES;
				CLANG_WARN_ENUM_CONVERSION = YES;
				CLANG_WARN_INFINITE_RECURSION = YES;
				CLANG_WARN_INT_CONVERSION = YES;
				CLANG_WARN_NON_LITERAL_NULL_CONVERSION = YES;
				CLANG_WARN_OBJC_IMPLICIT_RETAIN_SELF = YES;
				CLANG_WARN_OBJC_LITERAL_CONVERSION = YES;
				CLANG_WARN_OBJC_ROOT_CLASS = YES_ERROR;
				CLANG_WARN_QUOTED_INCLUDE_IN_FRAMEWORK_HEADER = YES;
				CLANG_WARN_RANGE_LOOP_ANALYSIS = YES;
				CLANG_WARN_STRICT_PROTOTYPES = YES;
				CLANG_WARN_SUSPICIOUS_MOVE = YES;
				CLANG_WARN_UNGUARDED_AVAILABILITY = YES_AGGRESSIVE;
				CLANG_WARN_UNREACHABLE_CODE = YES;
				CLANG_WARN__DUPLICATE_METHOD_MATCH = YES;
				COPY_PHASE_STRIP = NO;
				DEBUG_INFORMATION_FORMAT = "dwarf-with-dsym";
				ENABLE_NS_ASSERTIONS = NO;
				ENABLE_STRICT_OBJC_MSGSEND = YES;
				GCC_C_LANGUAGE_STANDARD = gnu11;
				GCC_NO_COMMON_BLOCKS = YES;
				GCC_WARN_64_TO_32_BIT_CONVERSION = YES;
				GCC_WARN_ABOUT_RETURN_TYPE = YES_ERROR;
				GCC_WARN_UNDECLARED_SELECTOR = YES;
				GCC_WARN_UNINITIALIZED_AUTOS = YES_AGGRESSIVE;
				GCC_WARN_UNUSED_FUNCTION = YES;
				GCC_WARN_UNUSED_VARIABLE = YES;
				IPHONEOS_DEPLOYMENT_TARGET = 16.2;
				MTL_ENABLE_DEBUG_INFO = NO;
				MTL_FAST_MATH = YES;
				SDKROOT = iphoneos;
				SWIFT_COMPILATION_MODE = wholemodule;
				SWIFT_OPTIMIZATION_LEVEL = "-O";
				VALIDATE_PRODUCT = YES;
			};
			name = Release;
		};
		48FAC8332B24B67A005719EB /* Debug */ = {
			isa = XCBuildConfiguration;
			buildSettings = {
				ASSETCATALOG_COMPILER_APPICON_NAME = AppIcon;
				ASSETCATALOG_COMPILER_GLOBAL_ACCENT_COLOR_NAME = AccentColor;
				CODE_SIGN_STYLE = Automatic;
				CURRENT_PROJECT_VERSION = 1;
				DEVELOPMENT_TEAM = G6JGSRL2W2;
				GENERATE_INFOPLIST_FILE = YES;
				INFOPLIST_FILE = CollectionCompositeLayout/Info.plist;
				INFOPLIST_KEY_UIApplicationSupportsIndirectInputEvents = YES;
				INFOPLIST_KEY_UILaunchStoryboardName = LaunchScreen;
				INFOPLIST_KEY_UIMainStoryboardFile = Main;
				INFOPLIST_KEY_UISupportedInterfaceOrientations_iPad = "UIInterfaceOrientationPortrait UIInterfaceOrientationPortraitUpsideDown UIInterfaceOrientationLandscapeLeft UIInterfaceOrientationLandscapeRight";
				INFOPLIST_KEY_UISupportedInterfaceOrientations_iPhone = "UIInterfaceOrientationPortrait UIInterfaceOrientationLandscapeLeft UIInterfaceOrientationLandscapeRight";
				LD_RUNPATH_SEARCH_PATHS = (
					"$(inherited)",
					"@executable_path/Frameworks",
				);
				MARKETING_VERSION = 1.0;
				PRODUCT_BUNDLE_IDENTIFIER = com.izalak.CollectionCompositeLayout;
				PRODUCT_NAME = "$(TARGET_NAME)";
				SWIFT_EMIT_LOC_STRINGS = YES;
				SWIFT_VERSION = 5.0;
				TARGETED_DEVICE_FAMILY = "1,2";
			};
			name = Debug;
		};
		48FAC8342B24B67A005719EB /* Release */ = {
			isa = XCBuildConfiguration;
			buildSettings = {
				ASSETCATALOG_COMPILER_APPICON_NAME = AppIcon;
				ASSETCATALOG_COMPILER_GLOBAL_ACCENT_COLOR_NAME = AccentColor;
				CODE_SIGN_STYLE = Automatic;
				CURRENT_PROJECT_VERSION = 1;
				DEVELOPMENT_TEAM = G6JGSRL2W2;
				GENERATE_INFOPLIST_FILE = YES;
				INFOPLIST_FILE = CollectionCompositeLayout/Info.plist;
				INFOPLIST_KEY_UIApplicationSupportsIndirectInputEvents = YES;
				INFOPLIST_KEY_UILaunchStoryboardName = LaunchScreen;
				INFOPLIST_KEY_UIMainStoryboardFile = Main;
				INFOPLIST_KEY_UISupportedInterfaceOrientations_iPad = "UIInterfaceOrientationPortrait UIInterfaceOrientationPortraitUpsideDown UIInterfaceOrientationLandscapeLeft UIInterfaceOrientationLandscapeRight";
				INFOPLIST_KEY_UISupportedInterfaceOrientations_iPhone = "UIInterfaceOrientationPortrait UIInterfaceOrientationLandscapeLeft UIInterfaceOrientationLandscapeRight";
				LD_RUNPATH_SEARCH_PATHS = (
					"$(inherited)",
					"@executable_path/Frameworks",
				);
				MARKETING_VERSION = 1.0;
				PRODUCT_BUNDLE_IDENTIFIER = com.izalak.CollectionCompositeLayout;
				PRODUCT_NAME = "$(TARGET_NAME)";
				SWIFT_EMIT_LOC_STRINGS = YES;
				SWIFT_VERSION = 5.0;
				TARGETED_DEVICE_FAMILY = "1,2";
			};
			name = Release;
		};
/* End XCBuildConfiguration section */

/* Begin XCConfigurationList section */
		48FAC8192B24B679005719EB /* Build configuration list for PBXProject "CollectionCompositeLayout" */ = {
			isa = XCConfigurationList;
			buildConfigurations = (
				48FAC8302B24B67A005719EB /* Debug */,
				48FAC8312B24B67A005719EB /* Release */,
			);
			defaultConfigurationIsVisible = 0;
			defaultConfigurationName = Release;
		};
		48FAC8322B24B67A005719EB /* Build configuration list for PBXNativeTarget "CollectionCompositeLayout" */ = {
			isa = XCConfigurationList;
			buildConfigurations = (
				48FAC8332B24B67A005719EB /* Debug */,
				48FAC8342B24B67A005719EB /* Release */,
			);
			defaultConfigurationIsVisible = 0;
			defaultConfigurationName = Release;
		};
/* End XCConfigurationList section */
	};
	rootObject = 48FAC8162B24B679005719EB /* Project object */;
}
